
Microsoft Visual Studio Solution File, Format Version 12.00
# Visual Studio 15
VisualStudioVersion = 15.0.28307.572
MinimumVisualStudioVersion = 10.0.40219.1
Project("{FAE04EC0-301F-11D3-BF4B-00C04F79EFBC}") = "Candymap.Android", "Candymap\Candymap.Android\Candymap.Android.csproj", "{14BC8262-1C4B-4B98-A6C5-BD783FCCDDD9}"
EndProject
Project("{FAE04EC0-301F-11D3-BF4B-00C04F79EFBC}") = "Candymap.iOS", "Candymap\Candymap.iOS\Candymap.iOS.csproj", "{351E30D8-80E1-4EA7-A6F6-257951F89118}"
EndProject
Project("{FAE04EC0-301F-11D3-BF4B-00C04F79EFBC}") = "Candymap.UWP", "Candymap\Candymap.UWP\Candymap.UWP.csproj", "{CD7AE806-DC40-4148-A8DB-99D0393658EB}"
EndProject
Project("{FAE04EC0-301F-11D3-BF4B-00C04F79EFBC}") = "Candymap", "Candymap\Candymap\Candymap.csproj", "{D5CD3741-7223-4A16-BBBE-557DD0A43D25}"
EndProject
Global
	GlobalSection(SolutionConfigurationPlatforms) = preSolution
		Ad-Hoc|Any CPU = Ad-Hoc|Any CPU
		Ad-Hoc|ARM = Ad-Hoc|ARM
		Ad-Hoc|iPhone = Ad-Hoc|iPhone
		Ad-Hoc|iPhoneSimulator = Ad-Hoc|iPhoneSimulator
		Ad-Hoc|x64 = Ad-Hoc|x64
		Ad-Hoc|x86 = Ad-Hoc|x86
		AppStore|Any CPU = AppStore|Any CPU
		AppStore|ARM = AppStore|ARM
		AppStore|iPhone = AppStore|iPhone
		AppStore|iPhoneSimulator = AppStore|iPhoneSimulator
		AppStore|x64 = AppStore|x64
		AppStore|x86 = AppStore|x86
		Debug|Any CPU = Debug|Any CPU
		Debug|ARM = Debug|ARM
		Debug|iPhone = Debug|iPhone
		Debug|iPhoneSimulator = Debug|iPhoneSimulator
		Debug|x64 = Debug|x64
		Debug|x86 = Debug|x86
		Release|Any CPU = Release|Any CPU
		Release|ARM = Release|ARM
		Release|iPhone = Release|iPhone
		Release|iPhoneSimulator = Release|iPhoneSimulator
		Release|x64 = Release|x64
		Release|x86 = Release|x86
	EndGlobalSection
	GlobalSection(ProjectConfigurationPlatforms) = postSolution
		{14BC8262-1C4B-4B98-A6C5-BD783FCCDDD9}.Ad-Hoc|Any CPU.ActiveCfg = Release|Any CPU
		{14BC8262-1C4B-4B98-A6C5-BD783FCCDDD9}.Ad-Hoc|Any CPU.Build.0 = Release|Any CPU
		{14BC8262-1C4B-4B98-A6C5-BD783FCCDDD9}.Ad-Hoc|Any CPU.Deploy.0 = Release|Any CPU
		{14BC8262-1C4B-4B98-A6C5-BD783FCCDDD9}.Ad-Hoc|ARM.ActiveCfg = Release|Any CPU
		{14BC8262-1C4B-4B98-A6C5-BD783FCCDDD9}.Ad-Hoc|ARM.Build.0 = Release|Any CPU
		{14BC8262-1C4B-4B98-A6C5-BD783FCCDDD9}.Ad-Hoc|ARM.Deploy.0 = Release|Any CPU
		{14BC8262-1C4B-4B98-A6C5-BD783FCCDDD9}.Ad-Hoc|iPhone.ActiveCfg = Release|Any CPU
		{14BC8262-1C4B-4B98-A6C5-BD783FCCDDD9}.Ad-Hoc|iPhone.Build.0 = Release|Any CPU
		{14BC8262-1C4B-4B98-A6C5-BD783FCCDDD9}.Ad-Hoc|iPhone.Deploy.0 = Release|Any CPU
		{14BC8262-1C4B-4B98-A6C5-BD783FCCDDD9}.Ad-Hoc|iPhoneSimulator.ActiveCfg = Release|Any CPU
		{14BC8262-1C4B-4B98-A6C5-BD783FCCDDD9}.Ad-Hoc|iPhoneSimulator.Build.0 = Release|Any CPU
		{14BC8262-1C4B-4B98-A6C5-BD783FCCDDD9}.Ad-Hoc|iPhoneSimulator.Deploy.0 = Release|Any CPU
		{14BC8262-1C4B-4B98-A6C5-BD783FCCDDD9}.Ad-Hoc|x64.ActiveCfg = Release|Any CPU
		{14BC8262-1C4B-4B98-A6C5-BD783FCCDDD9}.Ad-Hoc|x64.Build.0 = Release|Any CPU
		{14BC8262-1C4B-4B98-A6C5-BD783FCCDDD9}.Ad-Hoc|x64.Deploy.0 = Release|Any CPU
		{14BC8262-1C4B-4B98-A6C5-BD783FCCDDD9}.Ad-Hoc|x86.ActiveCfg = Release|Any CPU
		{14BC8262-1C4B-4B98-A6C5-BD783FCCDDD9}.Ad-Hoc|x86.Build.0 = Release|Any CPU
		{14BC8262-1C4B-4B98-A6C5-BD783FCCDDD9}.Ad-Hoc|x86.Deploy.0 = Release|Any CPU
		{14BC8262-1C4B-4B98-A6C5-BD783FCCDDD9}.AppStore|Any CPU.ActiveCfg = Release|Any CPU
		{14BC8262-1C4B-4B98-A6C5-BD783FCCDDD9}.AppStore|Any CPU.Build.0 = Release|Any CPU
		{14BC8262-1C4B-4B98-A6C5-BD783FCCDDD9}.AppStore|Any CPU.Deploy.0 = Release|Any CPU
		{14BC8262-1C4B-4B98-A6C5-BD783FCCDDD9}.AppStore|ARM.ActiveCfg = Release|Any CPU
		{14BC8262-1C4B-4B98-A6C5-BD783FCCDDD9}.AppStore|ARM.Build.0 = Release|Any CPU
		{14BC8262-1C4B-4B98-A6C5-BD783FCCDDD9}.AppStore|ARM.Deploy.0 = Release|Any CPU
		{14BC8262-1C4B-4B98-A6C5-BD783FCCDDD9}.AppStore|iPhone.ActiveCfg = Release|Any CPU
		{14BC8262-1C4B-4B98-A6C5-BD783FCCDDD9}.AppStore|iPhone.Build.0 = Release|Any CPU
		{14BC8262-1C4B-4B98-A6C5-BD783FCCDDD9}.AppStore|iPhone.Deploy.0 = Release|Any CPU
		{14BC8262-1C4B-4B98-A6C5-BD783FCCDDD9}.AppStore|iPhoneSimulator.ActiveCfg = Release|Any CPU
		{14BC8262-1C4B-4B98-A6C5-BD783FCCDDD9}.AppStore|iPhoneSimulator.Build.0 = Release|Any CPU
		{14BC8262-1C4B-4B98-A6C5-BD783FCCDDD9}.AppStore|iPhoneSimulator.Deploy.0 = Release|Any CPU
		{14BC8262-1C4B-4B98-A6C5-BD783FCCDDD9}.AppStore|x64.ActiveCfg = Release|Any CPU
		{14BC8262-1C4B-4B98-A6C5-BD783FCCDDD9}.AppStore|x64.Build.0 = Release|Any CPU
		{14BC8262-1C4B-4B98-A6C5-BD783FCCDDD9}.AppStore|x64.Deploy.0 = Release|Any CPU
		{14BC8262-1C4B-4B98-A6C5-BD783FCCDDD9}.AppStore|x86.ActiveCfg = Release|Any CPU
		{14BC8262-1C4B-4B98-A6C5-BD783FCCDDD9}.AppStore|x86.Build.0 = Release|Any CPU
		{14BC8262-1C4B-4B98-A6C5-BD783FCCDDD9}.AppStore|x86.Deploy.0 = Release|Any CPU
		{14BC8262-1C4B-4B98-A6C5-BD783FCCDDD9}.Debug|Any CPU.ActiveCfg = Debug|Any CPU
		{14BC8262-1C4B-4B98-A6C5-BD783FCCDDD9}.Debug|Any CPU.Build.0 = Debug|Any CPU
		{14BC8262-1C4B-4B98-A6C5-BD783FCCDDD9}.Debug|Any CPU.Deploy.0 = Debug|Any CPU
		{14BC8262-1C4B-4B98-A6C5-BD783FCCDDD9}.Debug|ARM.ActiveCfg = Debug|Any CPU
		{14BC8262-1C4B-4B98-A6C5-BD783FCCDDD9}.Debug|ARM.Build.0 = Debug|Any CPU
		{14BC8262-1C4B-4B98-A6C5-BD783FCCDDD9}.Debug|ARM.Deploy.0 = Debug|Any CPU
		{14BC8262-1C4B-4B98-A6C5-BD783FCCDDD9}.Debug|iPhone.ActiveCfg = Debug|Any CPU
		{14BC8262-1C4B-4B98-A6C5-BD783FCCDDD9}.Debug|iPhone.Build.0 = Debug|Any CPU
		{14BC8262-1C4B-4B98-A6C5-BD783FCCDDD9}.Debug|iPhone.Deploy.0 = Debug|Any CPU
		{14BC8262-1C4B-4B98-A6C5-BD783FCCDDD9}.Debug|iPhoneSimulator.ActiveCfg = Debug|Any CPU
		{14BC8262-1C4B-4B98-A6C5-BD783FCCDDD9}.Debug|iPhoneSimulator.Build.0 = Debug|Any CPU
		{14BC8262-1C4B-4B98-A6C5-BD783FCCDDD9}.Debug|iPhoneSimulator.Deploy.0 = Debug|Any CPU
		{14BC8262-1C4B-4B98-A6C5-BD783FCCDDD9}.Debug|x64.ActiveCfg = Debug|Any CPU
		{14BC8262-1C4B-4B98-A6C5-BD783FCCDDD9}.Debug|x64.Build.0 = Debug|Any CPU
		{14BC8262-1C4B-4B98-A6C5-BD783FCCDDD9}.Debug|x64.Deploy.0 = Debug|Any CPU
		{14BC8262-1C4B-4B98-A6C5-BD783FCCDDD9}.Debug|x86.ActiveCfg = Debug|Any CPU
		{14BC8262-1C4B-4B98-A6C5-BD783FCCDDD9}.Debug|x86.Build.0 = Debug|Any CPU
		{14BC8262-1C4B-4B98-A6C5-BD783FCCDDD9}.Debug|x86.Deploy.0 = Debug|Any CPU
		{14BC8262-1C4B-4B98-A6C5-BD783FCCDDD9}.Release|Any CPU.ActiveCfg = Release|Any CPU
		{14BC8262-1C4B-4B98-A6C5-BD783FCCDDD9}.Release|Any CPU.Build.0 = Release|Any CPU
		{14BC8262-1C4B-4B98-A6C5-BD783FCCDDD9}.Release|Any CPU.Deploy.0 = Release|Any CPU
		{14BC8262-1C4B-4B98-A6C5-BD783FCCDDD9}.Release|ARM.ActiveCfg = Release|Any CPU
		{14BC8262-1C4B-4B98-A6C5-BD783FCCDDD9}.Release|ARM.Build.0 = Release|Any CPU
		{14BC8262-1C4B-4B98-A6C5-BD783FCCDDD9}.Release|ARM.Deploy.0 = Release|Any CPU
		{14BC8262-1C4B-4B98-A6C5-BD783FCCDDD9}.Release|iPhone.ActiveCfg = Release|Any CPU
		{14BC8262-1C4B-4B98-A6C5-BD783FCCDDD9}.Release|iPhone.Build.0 = Release|Any CPU
		{14BC8262-1C4B-4B98-A6C5-BD783FCCDDD9}.Release|iPhone.Deploy.0 = Release|Any CPU
		{14BC8262-1C4B-4B98-A6C5-BD783FCCDDD9}.Release|iPhoneSimulator.ActiveCfg = Release|Any CPU
		{14BC8262-1C4B-4B98-A6C5-BD783FCCDDD9}.Release|iPhoneSimulator.Build.0 = Release|Any CPU
		{14BC8262-1C4B-4B98-A6C5-BD783FCCDDD9}.Release|iPhoneSimulator.Deploy.0 = Release|Any CPU
		{14BC8262-1C4B-4B98-A6C5-BD783FCCDDD9}.Release|x64.ActiveCfg = Release|Any CPU
		{14BC8262-1C4B-4B98-A6C5-BD783FCCDDD9}.Release|x64.Build.0 = Release|Any CPU
		{14BC8262-1C4B-4B98-A6C5-BD783FCCDDD9}.Release|x64.Deploy.0 = Release|Any CPU
		{14BC8262-1C4B-4B98-A6C5-BD783FCCDDD9}.Release|x86.ActiveCfg = Release|Any CPU
		{14BC8262-1C4B-4B98-A6C5-BD783FCCDDD9}.Release|x86.Build.0 = Release|Any CPU
		{14BC8262-1C4B-4B98-A6C5-BD783FCCDDD9}.Release|x86.Deploy.0 = Release|Any CPU
		{351E30D8-80E1-4EA7-A6F6-257951F89118}.Ad-Hoc|Any CPU.ActiveCfg = Ad-Hoc|iPhone
		{351E30D8-80E1-4EA7-A6F6-257951F89118}.Ad-Hoc|Any CPU.Build.0 = Ad-Hoc|iPhone
		{351E30D8-80E1-4EA7-A6F6-257951F89118}.Ad-Hoc|Any CPU.Deploy.0 = Ad-Hoc|iPhone
		{351E30D8-80E1-4EA7-A6F6-257951F89118}.Ad-Hoc|ARM.ActiveCfg = Ad-Hoc|iPhone
		{351E30D8-80E1-4EA7-A6F6-257951F89118}.Ad-Hoc|ARM.Build.0 = Ad-Hoc|iPhone
		{351E30D8-80E1-4EA7-A6F6-257951F89118}.Ad-Hoc|ARM.Deploy.0 = Ad-Hoc|iPhone
		{351E30D8-80E1-4EA7-A6F6-257951F89118}.Ad-Hoc|iPhone.ActiveCfg = Ad-Hoc|iPhone
		{351E30D8-80E1-4EA7-A6F6-257951F89118}.Ad-Hoc|iPhone.Build.0 = Ad-Hoc|iPhone
		{351E30D8-80E1-4EA7-A6F6-257951F89118}.Ad-Hoc|iPhone.Deploy.0 = Ad-Hoc|iPhone
		{351E30D8-80E1-4EA7-A6F6-257951F89118}.Ad-Hoc|iPhoneSimulator.ActiveCfg = Ad-Hoc|iPhoneSimulator
		{351E30D8-80E1-4EA7-A6F6-257951F89118}.Ad-Hoc|iPhoneSimulator.Build.0 = Ad-Hoc|iPhoneSimulator
		{351E30D8-80E1-4EA7-A6F6-257951F89118}.Ad-Hoc|iPhoneSimulator.Deploy.0 = Ad-Hoc|iPhoneSimulator
		{351E30D8-80E1-4EA7-A6F6-257951F89118}.Ad-Hoc|x64.ActiveCfg = Ad-Hoc|iPhone
		{351E30D8-80E1-4EA7-A6F6-257951F89118}.Ad-Hoc|x64.Build.0 = Ad-Hoc|iPhone
		{351E30D8-80E1-4EA7-A6F6-257951F89118}.Ad-Hoc|x64.Deploy.0 = Ad-Hoc|iPhone
		{351E30D8-80E1-4EA7-A6F6-257951F89118}.Ad-Hoc|x86.ActiveCfg = Ad-Hoc|iPhone
		{351E30D8-80E1-4EA7-A6F6-257951F89118}.Ad-Hoc|x86.Build.0 = Ad-Hoc|iPhone
		{351E30D8-80E1-4EA7-A6F6-257951F89118}.Ad-Hoc|x86.Deploy.0 = Ad-Hoc|iPhone
		{351E30D8-80E1-4EA7-A6F6-257951F89118}.AppStore|Any CPU.ActiveCfg = AppStore|iPhone
		{351E30D8-80E1-4EA7-A6F6-257951F89118}.AppStore|Any CPU.Build.0 = AppStore|iPhone
		{351E30D8-80E1-4EA7-A6F6-257951F89118}.AppStore|Any CPU.Deploy.0 = AppStore|iPhone
		{351E30D8-80E1-4EA7-A6F6-257951F89118}.AppStore|ARM.ActiveCfg = AppStore|iPhone
		{351E30D8-80E1-4EA7-A6F6-257951F89118}.AppStore|ARM.Build.0 = AppStore|iPhone
		{351E30D8-80E1-4EA7-A6F6-257951F89118}.AppStore|ARM.Deploy.0 = AppStore|iPhone
		{351E30D8-80E1-4EA7-A6F6-257951F89118}.AppStore|iPhone.ActiveCfg = AppStore|iPhone
		{351E30D8-80E1-4EA7-A6F6-257951F89118}.AppStore|iPhone.Build.0 = AppStore|iPhone
		{351E30D8-80E1-4EA7-A6F6-257951F89118}.AppStore|iPhone.Deploy.0 = AppStore|iPhone
		{351E30D8-80E1-4EA7-A6F6-257951F89118}.AppStore|iPhoneSimulator.ActiveCfg = AppStore|iPhoneSimulator
		{351E30D8-80E1-4EA7-A6F6-257951F89118}.AppStore|iPhoneSimulator.Build.0 = AppStore|iPhoneSimulator
		{351E30D8-80E1-4EA7-A6F6-257951F89118}.AppStore|iPhoneSimulator.Deploy.0 = AppStore|iPhoneSimulator
		{351E30D8-80E1-4EA7-A6F6-257951F89118}.AppStore|x64.ActiveCfg = AppStore|iPhone
		{351E30D8-80E1-4EA7-A6F6-257951F89118}.AppStore|x64.Build.0 = AppStore|iPhone
		{351E30D8-80E1-4EA7-A6F6-257951F89118}.AppStore|x64.Deploy.0 = AppStore|iPhone
		{351E30D8-80E1-4EA7-A6F6-257951F89118}.AppStore|x86.ActiveCfg = AppStore|iPhone
		{351E30D8-80E1-4EA7-A6F6-257951F89118}.AppStore|x86.Build.0 = AppStore|iPhone
		{351E30D8-80E1-4EA7-A6F6-257951F89118}.AppStore|x86.Deploy.0 = AppStore|iPhone
		{351E30D8-80E1-4EA7-A6F6-257951F89118}.Debug|Any CPU.ActiveCfg = Debug|iPhoneSimulator
		{351E30D8-80E1-4EA7-A6F6-257951F89118}.Debug|Any CPU.Build.0 = Debug|iPhoneSimulator
		{351E30D8-80E1-4EA7-A6F6-257951F89118}.Debug|Any CPU.Deploy.0 = Debug|iPhoneSimulator
		{351E30D8-80E1-4EA7-A6F6-257951F89118}.Debug|ARM.ActiveCfg = Debug|iPhone
		{351E30D8-80E1-4EA7-A6F6-257951F89118}.Debug|ARM.Build.0 = Debug|iPhone
		{351E30D8-80E1-4EA7-A6F6-257951F89118}.Debug|ARM.Deploy.0 = Debug|iPhone
		{351E30D8-80E1-4EA7-A6F6-257951F89118}.Debug|iPhone.ActiveCfg = Debug|iPhone
		{351E30D8-80E1-4EA7-A6F6-257951F89118}.Debug|iPhone.Build.0 = Debug|iPhone
		{351E30D8-80E1-4EA7-A6F6-257951F89118}.Debug|iPhone.Deploy.0 = Debug|iPhone
		{351E30D8-80E1-4EA7-A6F6-257951F89118}.Debug|iPhoneSimulator.ActiveCfg = Debug|iPhoneSimulator
		{351E30D8-80E1-4EA7-A6F6-257951F89118}.Debug|iPhoneSimulator.Build.0 = Debug|iPhoneSimulator
		{351E30D8-80E1-4EA7-A6F6-257951F89118}.Debug|iPhoneSimulator.Deploy.0 = Debug|iPhoneSimulator
		{351E30D8-80E1-4EA7-A6F6-257951F89118}.Debug|x64.ActiveCfg = Debug|iPhone
		{351E30D8-80E1-4EA7-A6F6-257951F89118}.Debug|x64.Build.0 = Debug|iPhone
		{351E30D8-80E1-4EA7-A6F6-257951F89118}.Debug|x64.Deploy.0 = Debug|iPhone
		{351E30D8-80E1-4EA7-A6F6-257951F89118}.Debug|x86.ActiveCfg = Debug|iPhone
		{351E30D8-80E1-4EA7-A6F6-257951F89118}.Debug|x86.Build.0 = Debug|iPhone
		{351E30D8-80E1-4EA7-A6F6-257951F89118}.Debug|x86.Deploy.0 = Debug|iPhone
		{351E30D8-80E1-4EA7-A6F6-257951F89118}.Release|Any CPU.ActiveCfg = Release|iPhone
		{351E30D8-80E1-4EA7-A6F6-257951F89118}.Release|Any CPU.Build.0 = Release|iPhone
		{351E30D8-80E1-4EA7-A6F6-257951F89118}.Release|Any CPU.Deploy.0 = Release|iPhone
		{351E30D8-80E1-4EA7-A6F6-257951F89118}.Release|ARM.ActiveCfg = Release|iPhone
		{351E30D8-80E1-4EA7-A6F6-257951F89118}.Release|ARM.Build.0 = Release|iPhone
		{351E30D8-80E1-4EA7-A6F6-257951F89118}.Release|ARM.Deploy.0 = Release|iPhone
		{351E30D8-80E1-4EA7-A6F6-257951F89118}.Release|iPhone.ActiveCfg = Release|iPhone
		{351E30D8-80E1-4EA7-A6F6-257951F89118}.Release|iPhone.Build.0 = Release|iPhone
		{351E30D8-80E1-4EA7-A6F6-257951F89118}.Release|iPhone.Deploy.0 = Release|iPhone
		{351E30D8-80E1-4EA7-A6F6-257951F89118}.Release|iPhoneSimulator.ActiveCfg = Release|iPhoneSimulator
		{351E30D8-80E1-4EA7-A6F6-257951F89118}.Release|iPhoneSimulator.Build.0 = Release|iPhoneSimulator
		{351E30D8-80E1-4EA7-A6F6-257951F89118}.Release|iPhoneSimulator.Deploy.0 = Release|iPhoneSimulator
		{351E30D8-80E1-4EA7-A6F6-257951F89118}.Release|x64.ActiveCfg = Release|iPhone
		{351E30D8-80E1-4EA7-A6F6-257951F89118}.Release|x64.Build.0 = Release|iPhone
		{351E30D8-80E1-4EA7-A6F6-257951F89118}.Release|x64.Deploy.0 = Release|iPhone
		{351E30D8-80E1-4EA7-A6F6-257951F89118}.Release|x86.ActiveCfg = Release|iPhone
		{351E30D8-80E1-4EA7-A6F6-257951F89118}.Release|x86.Build.0 = Release|iPhone
		{351E30D8-80E1-4EA7-A6F6-257951F89118}.Release|x86.Deploy.0 = Release|iPhone
		{CD7AE806-DC40-4148-A8DB-99D0393658EB}.Ad-Hoc|Any CPU.ActiveCfg = Release|x86
		{CD7AE806-DC40-4148-A8DB-99D0393658EB}.Ad-Hoc|Any CPU.Build.0 = Release|x86
		{CD7AE806-DC40-4148-A8DB-99D0393658EB}.Ad-Hoc|Any CPU.Deploy.0 = Release|x86
		{CD7AE806-DC40-4148-A8DB-99D0393658EB}.Ad-Hoc|ARM.ActiveCfg = Release|ARM
		{CD7AE806-DC40-4148-A8DB-99D0393658EB}.Ad-Hoc|ARM.Build.0 = Release|ARM
		{CD7AE806-DC40-4148-A8DB-99D0393658EB}.Ad-Hoc|ARM.Deploy.0 = Release|ARM
		{CD7AE806-DC40-4148-A8DB-99D0393658EB}.Ad-Hoc|iPhone.ActiveCfg = Release|x86
		{CD7AE806-DC40-4148-A8DB-99D0393658EB}.Ad-Hoc|iPhone.Build.0 = Release|x86
		{CD7AE806-DC40-4148-A8DB-99D0393658EB}.Ad-Hoc|iPhone.Deploy.0 = Release|x86
		{CD7AE806-DC40-4148-A8DB-99D0393658EB}.Ad-Hoc|iPhoneSimulator.ActiveCfg = Release|x86
		{CD7AE806-DC40-4148-A8DB-99D0393658EB}.Ad-Hoc|iPhoneSimulator.Build.0 = Release|x86
		{CD7AE806-DC40-4148-A8DB-99D0393658EB}.Ad-Hoc|iPhoneSimulator.Deploy.0 = Release|x86
		{CD7AE806-DC40-4148-A8DB-99D0393658EB}.Ad-Hoc|x64.ActiveCfg = Release|x64
		{CD7AE806-DC40-4148-A8DB-99D0393658EB}.Ad-Hoc|x64.Build.0 = Release|x64
		{CD7AE806-DC40-4148-A8DB-99D0393658EB}.Ad-Hoc|x64.Deploy.0 = Release|x64
		{CD7AE806-DC40-4148-A8DB-99D0393658EB}.Ad-Hoc|x86.ActiveCfg = Release|x86
		{CD7AE806-DC40-4148-A8DB-99D0393658EB}.Ad-Hoc|x86.Build.0 = Release|x86
		{CD7AE806-DC40-4148-A8DB-99D0393658EB}.Ad-Hoc|x86.Deploy.0 = Release|x86
		{CD7AE806-DC40-4148-A8DB-99D0393658EB}.AppStore|Any CPU.ActiveCfg = Release|x86
		{CD7AE806-DC40-4148-A8DB-99D0393658EB}.AppStore|Any CPU.Build.0 = Release|x86
		{CD7AE806-DC40-4148-A8DB-99D0393658EB}.AppStore|Any CPU.Deploy.0 = Release|x86
		{CD7AE806-DC40-4148-A8DB-99D0393658EB}.AppStore|ARM.ActiveCfg = Release|ARM
		{CD7AE806-DC40-4148-A8DB-99D0393658EB}.AppStore|ARM.Build.0 = Release|ARM
		{CD7AE806-DC40-4148-A8DB-99D0393658EB}.AppStore|ARM.Deploy.0 = Release|ARM
		{CD7AE806-DC40-4148-A8DB-99D0393658EB}.AppStore|iPhone.ActiveCfg = Release|x86
		{CD7AE806-DC40-4148-A8DB-99D0393658EB}.AppStore|iPhone.Build.0 = Release|x86
		{CD7AE806-DC40-4148-A8DB-99D0393658EB}.AppStore|iPhone.Deploy.0 = Release|x86
		{CD7AE806-DC40-4148-A8DB-99D0393658EB}.AppStore|iPhoneSimulator.ActiveCfg = Release|x86
		{CD7AE806-DC40-4148-A8DB-99D0393658EB}.AppStore|iPhoneSimulator.Build.0 = Release|x86
		{CD7AE806-DC40-4148-A8DB-99D0393658EB}.AppStore|iPhoneSimulator.Deploy.0 = Release|x86
		{CD7AE806-DC40-4148-A8DB-99D0393658EB}.AppStore|x64.ActiveCfg = Release|x64
		{CD7AE806-DC40-4148-A8DB-99D0393658EB}.AppStore|x64.Build.0 = Release|x64
		{CD7AE806-DC40-4148-A8DB-99D0393658EB}.AppStore|x64.Deploy.0 = Release|x64
		{CD7AE806-DC40-4148-A8DB-99D0393658EB}.AppStore|x86.ActiveCfg = Release|x86
		{CD7AE806-DC40-4148-A8DB-99D0393658EB}.AppStore|x86.Build.0 = Release|x86
		{CD7AE806-DC40-4148-A8DB-99D0393658EB}.AppStore|x86.Deploy.0 = Release|x86
		{CD7AE806-DC40-4148-A8DB-99D0393658EB}.Debug|Any CPU.ActiveCfg = Debug|x86
		{CD7AE806-DC40-4148-A8DB-99D0393658EB}.Debug|Any CPU.Build.0 = Debug|x86
		{CD7AE806-DC40-4148-A8DB-99D0393658EB}.Debug|Any CPU.Deploy.0 = Debug|x86
		{CD7AE806-DC40-4148-A8DB-99D0393658EB}.Debug|ARM.ActiveCfg = Debug|ARM
		{CD7AE806-DC40-4148-A8DB-99D0393658EB}.Debug|ARM.Build.0 = Debug|ARM
		{CD7AE806-DC40-4148-A8DB-99D0393658EB}.Debug|ARM.Deploy.0 = Debug|ARM
		{CD7AE806-DC40-4148-A8DB-99D0393658EB}.Debug|iPhone.ActiveCfg = Debug|x86
		{CD7AE806-DC40-4148-A8DB-99D0393658EB}.Debug|iPhone.Build.0 = Debug|x86
		{CD7AE806-DC40-4148-A8DB-99D0393658EB}.Debug|iPhone.Deploy.0 = Debug|x86
		{CD7AE806-DC40-4148-A8DB-99D0393658EB}.Debug|iPhoneSimulator.ActiveCfg = Debug|x86
		{CD7AE806-DC40-4148-A8DB-99D0393658EB}.Debug|iPhoneSimulator.Build.0 = Debug|x86
		{CD7AE806-DC40-4148-A8DB-99D0393658EB}.Debug|iPhoneSimulator.Deploy.0 = Debug|x86
		{CD7AE806-DC40-4148-A8DB-99D0393658EB}.Debug|x64.ActiveCfg = Debug|x64
		{CD7AE806-DC40-4148-A8DB-99D0393658EB}.Debug|x64.Build.0 = Debug|x64
		{CD7AE806-DC40-4148-A8DB-99D0393658EB}.Debug|x64.Deploy.0 = Debug|x64
		{CD7AE806-DC40-4148-A8DB-99D0393658EB}.Debug|x86.ActiveCfg = Debug|x86
		{CD7AE806-DC40-4148-A8DB-99D0393658EB}.Debug|x86.Build.0 = Debug|x86
		{CD7AE806-DC40-4148-A8DB-99D0393658EB}.Debug|x86.Deploy.0 = Debug|x86
		{CD7AE806-DC40-4148-A8DB-99D0393658EB}.Release|Any CPU.ActiveCfg = Release|x86
		{CD7AE806-DC40-4148-A8DB-99D0393658EB}.Release|Any CPU.Build.0 = Release|x86
		{CD7AE806-DC40-4148-A8DB-99D0393658EB}.Release|Any CPU.Deploy.0 = Release|x86
		{CD7AE806-DC40-4148-A8DB-99D0393658EB}.Release|ARM.ActiveCfg = Release|ARM
		{CD7AE806-DC40-4148-A8DB-99D0393658EB}.Release|ARM.Build.0 = Release|ARM
		{CD7AE806-DC40-4148-A8DB-99D0393658EB}.Release|ARM.Deploy.0 = Release|ARM
		{CD7AE806-DC40-4148-A8DB-99D0393658EB}.Release|iPhone.ActiveCfg = Release|x86
		{CD7AE806-DC40-4148-A8DB-99D0393658EB}.Release|iPhone.Build.0 = Release|x86
		{CD7AE806-DC40-4148-A8DB-99D0393658EB}.Release|iPhone.Deploy.0 = Release|x86
		{CD7AE806-DC40-4148-A8DB-99D0393658EB}.Release|iPhoneSimulator.ActiveCfg = Release|x86
		{CD7AE806-DC40-4148-A8DB-99D0393658EB}.Release|iPhoneSimulator.Build.0 = Release|x86
		{CD7AE806-DC40-4148-A8DB-99D0393658EB}.Release|iPhoneSimulator.Deploy.0 = Release|x86
		{CD7AE806-DC40-4148-A8DB-99D0393658EB}.Release|x64.ActiveCfg = Release|x64
		{CD7AE806-DC40-4148-A8DB-99D0393658EB}.Release|x64.Build.0 = Release|x64
		{CD7AE806-DC40-4148-A8DB-99D0393658EB}.Release|x64.Deploy.0 = Release|x64
		{CD7AE806-DC40-4148-A8DB-99D0393658EB}.Release|x86.ActiveCfg = Release|x86
		{CD7AE806-DC40-4148-A8DB-99D0393658EB}.Release|x86.Build.0 = Release|x86
		{CD7AE806-DC40-4148-A8DB-99D0393658EB}.Release|x86.Deploy.0 = Release|x86
		{D5CD3741-7223-4A16-BBBE-557DD0A43D25}.Ad-Hoc|Any CPU.ActiveCfg = Debug|Any CPU
		{D5CD3741-7223-4A16-BBBE-557DD0A43D25}.Ad-Hoc|Any CPU.Build.0 = Debug|Any CPU
		{D5CD3741-7223-4A16-BBBE-557DD0A43D25}.Ad-Hoc|Any CPU.Deploy.0 = Debug|Any CPU
		{D5CD3741-7223-4A16-BBBE-557DD0A43D25}.Ad-Hoc|ARM.ActiveCfg = Debug|Any CPU
		{D5CD3741-7223-4A16-BBBE-557DD0A43D25}.Ad-Hoc|ARM.Build.0 = Debug|Any CPU
		{D5CD3741-7223-4A16-BBBE-557DD0A43D25}.Ad-Hoc|ARM.Deploy.0 = Debug|Any CPU
		{D5CD3741-7223-4A16-BBBE-557DD0A43D25}.Ad-Hoc|iPhone.ActiveCfg = Debug|Any CPU
		{D5CD3741-7223-4A16-BBBE-557DD0A43D25}.Ad-Hoc|iPhone.Build.0 = Debug|Any CPU
		{D5CD3741-7223-4A16-BBBE-557DD0A43D25}.Ad-Hoc|iPhone.Deploy.0 = Debug|Any CPU
		{D5CD3741-7223-4A16-BBBE-557DD0A43D25}.Ad-Hoc|iPhoneSimulator.ActiveCfg = Debug|Any CPU
		{D5CD3741-7223-4A16-BBBE-557DD0A43D25}.Ad-Hoc|iPhoneSimulator.Build.0 = Debug|Any CPU
		{D5CD3741-7223-4A16-BBBE-557DD0A43D25}.Ad-Hoc|iPhoneSimulator.Deploy.0 = Debug|Any CPU
		{D5CD3741-7223-4A16-BBBE-557DD0A43D25}.Ad-Hoc|x64.ActiveCfg = Debug|Any CPU
		{D5CD3741-7223-4A16-BBBE-557DD0A43D25}.Ad-Hoc|x64.Build.0 = Debug|Any CPU
		{D5CD3741-7223-4A16-BBBE-557DD0A43D25}.Ad-Hoc|x64.Deploy.0 = Debug|Any CPU
		{D5CD3741-7223-4A16-BBBE-557DD0A43D25}.Ad-Hoc|x86.ActiveCfg = Debug|Any CPU
		{D5CD3741-7223-4A16-BBBE-557DD0A43D25}.Ad-Hoc|x86.Build.0 = Debug|Any CPU
		{D5CD3741-7223-4A16-BBBE-557DD0A43D25}.Ad-Hoc|x86.Deploy.0 = Debug|Any CPU
		{D5CD3741-7223-4A16-BBBE-557DD0A43D25}.AppStore|Any CPU.ActiveCfg = Debug|Any CPU
		{D5CD3741-7223-4A16-BBBE-557DD0A43D25}.AppStore|Any CPU.Build.0 = Debug|Any CPU
		{D5CD3741-7223-4A16-BBBE-557DD0A43D25}.AppStore|Any CPU.Deploy.0 = Debug|Any CPU
		{D5CD3741-7223-4A16-BBBE-557DD0A43D25}.AppStore|ARM.ActiveCfg = Debug|Any CPU
		{D5CD3741-7223-4A16-BBBE-557DD0A43D25}.AppStore|ARM.Build.0 = Debug|Any CPU
		{D5CD3741-7223-4A16-BBBE-557DD0A43D25}.AppStore|ARM.Deploy.0 = Debug|Any CPU
		{D5CD3741-7223-4A16-BBBE-557DD0A43D25}.AppStore|iPhone.ActiveCfg = Debug|Any CPU
		{D5CD3741-7223-4A16-BBBE-557DD0A43D25}.AppStore|iPhone.Build.0 = Debug|Any CPU
		{D5CD3741-7223-4A16-BBBE-557DD0A43D25}.AppStore|iPhone.Deploy.0 = Debug|Any CPU
		{D5CD3741-7223-4A16-BBBE-557DD0A43D25}.AppStore|iPhoneSimulator.ActiveCfg = Debug|Any CPU
		{D5CD3741-7223-4A16-BBBE-557DD0A43D25}.AppStore|iPhoneSimulator.Build.0 = Debug|Any CPU
		{D5CD3741-7223-4A16-BBBE-557DD0A43D25}.AppStore|iPhoneSimulator.Deploy.0 = Debug|Any CPU
		{D5CD3741-7223-4A16-BBBE-557DD0A43D25}.AppStore|x64.ActiveCfg = Debug|Any CPU
		{D5CD3741-7223-4A16-BBBE-557DD0A43D25}.AppStore|x64.Build.0 = Debug|Any CPU
		{D5CD3741-7223-4A16-BBBE-557DD0A43D25}.AppStore|x64.Deploy.0 = Debug|Any CPU
		{D5CD3741-7223-4A16-BBBE-557DD0A43D25}.AppStore|x86.ActiveCfg = Debug|Any CPU
		{D5CD3741-7223-4A16-BBBE-557DD0A43D25}.AppStore|x86.Build.0 = Debug|Any CPU
		{D5CD3741-7223-4A16-BBBE-557DD0A43D25}.AppStore|x86.Deploy.0 = Debug|Any CPU
		{D5CD3741-7223-4A16-BBBE-557DD0A43D25}.Debug|Any CPU.ActiveCfg = Debug|Any CPU
		{D5CD3741-7223-4A16-BBBE-557DD0A43D25}.Debug|Any CPU.Build.0 = Debug|Any CPU
		{D5CD3741-7223-4A16-BBBE-557DD0A43D25}.Debug|Any CPU.Deploy.0 = Debug|Any CPU
		{D5CD3741-7223-4A16-BBBE-557DD0A43D25}.Debug|ARM.ActiveCfg = Debug|Any CPU
		{D5CD3741-7223-4A16-BBBE-557DD0A43D25}.Debug|ARM.Build.0 = Debug|Any CPU
		{D5CD3741-7223-4A16-BBBE-557DD0A43D25}.Debug|ARM.Deploy.0 = Debug|Any CPU
		{D5CD3741-7223-4A16-BBBE-557DD0A43D25}.Debug|iPhone.ActiveCfg = Debug|Any CPU
		{D5CD3741-7223-4A16-BBBE-557DD0A43D25}.Debug|iPhone.Build.0 = Debug|Any CPU
		{D5CD3741-7223-4A16-BBBE-557DD0A43D25}.Debug|iPhone.Deploy.0 = Debug|Any CPU
		{D5CD3741-7223-4A16-BBBE-557DD0A43D25}.Debug|iPhoneSimulator.ActiveCfg = Debug|Any CPU
		{D5CD3741-7223-4A16-BBBE-557DD0A43D25}.Debug|iPhoneSimulator.Build.0 = Debug|Any CPU
		{D5CD3741-7223-4A16-BBBE-557DD0A43D25}.Debug|iPhoneSimulator.Deploy.0 = Debug|Any CPU
		{D5CD3741-7223-4A16-BBBE-557DD0A43D25}.Debug|x64.ActiveCfg = Debug|Any CPU
		{D5CD3741-7223-4A16-BBBE-557DD0A43D25}.Debug|x64.Build.0 = Debug|Any CPU
		{D5CD3741-7223-4A16-BBBE-557DD0A43D25}.Debug|x64.Deploy.0 = Debug|Any CPU
		{D5CD3741-7223-4A16-BBBE-557DD0A43D25}.Debug|x86.ActiveCfg = Debug|Any CPU
		{D5CD3741-7223-4A16-BBBE-557DD0A43D25}.Debug|x86.Build.0 = Debug|Any CPU
		{D5CD3741-7223-4A16-BBBE-557DD0A43D25}.Debug|x86.Deploy.0 = Debug|Any CPU
		{D5CD3741-7223-4A16-BBBE-557DD0A43D25}.Release|Any CPU.ActiveCfg = Release|Any CPU
		{D5CD3741-7223-4A16-BBBE-557DD0A43D25}.Release|Any CPU.Build.0 = Release|Any CPU
		{D5CD3741-7223-4A16-BBBE-557DD0A43D25}.Release|Any CPU.Deploy.0 = Release|Any CPU
		{D5CD3741-7223-4A16-BBBE-557DD0A43D25}.Release|ARM.ActiveCfg = Release|Any CPU
		{D5CD3741-7223-4A16-BBBE-557DD0A43D25}.Release|ARM.Build.0 = Release|Any CPU
		{D5CD3741-7223-4A16-BBBE-557DD0A43D25}.Release|ARM.Deploy.0 = Release|Any CPU
		{D5CD3741-7223-4A16-BBBE-557DD0A43D25}.Release|iPhone.ActiveCfg = Release|Any CPU
		{D5CD3741-7223-4A16-BBBE-557DD0A43D25}.Release|iPhone.Build.0 = Release|Any CPU
		{D5CD3741-7223-4A16-BBBE-557DD0A43D25}.Release|iPhone.Deploy.0 = Release|Any CPU
		{D5CD3741-7223-4A16-BBBE-557DD0A43D25}.Release|iPhoneSimulator.ActiveCfg = Release|Any CPU
		{D5CD3741-7223-4A16-BBBE-557DD0A43D25}.Release|iPhoneSimulator.Build.0 = Release|Any CPU
		{D5CD3741-7223-4A16-BBBE-557DD0A43D25}.Release|iPhoneSimulator.Deploy.0 = Release|Any CPU
		{D5CD3741-7223-4A16-BBBE-557DD0A43D25}.Release|x64.ActiveCfg = Release|Any CPU
		{D5CD3741-7223-4A16-BBBE-557DD0A43D25}.Release|x64.Build.0 = Release|Any CPU
		{D5CD3741-7223-4A16-BBBE-557DD0A43D25}.Release|x64.Deploy.0 = Release|Any CPU
		{D5CD3741-7223-4A16-BBBE-557DD0A43D25}.Release|x86.ActiveCfg = Release|Any CPU
		{D5CD3741-7223-4A16-BBBE-557DD0A43D25}.Release|x86.Build.0 = Release|Any CPU
		{D5CD3741-7223-4A16-BBBE-557DD0A43D25}.Release|x86.Deploy.0 = Release|Any CPU
	EndGlobalSection
	GlobalSection(SolutionProperties) = preSolution
		HideSolutionNode = FALSE
	EndGlobalSection
	GlobalSection(ExtensibilityGlobals) = postSolution
		SolutionGuid = {11D91A04-C5F1-4398-8C68-402DD77A79E7}
	EndGlobalSection
EndGlobal
